
Microsoft Visual Studio Solution File, Format Version 12.00
# Visual Studio Version 17
VisualStudioVersion = 17.9.34728.123
MinimumVisualStudioVersion = 10.0.40219.1
Project("{FAE04EC0-301F-11D3-BF4B-00C04F79EFBC}") = "DecoratorPattern", "DecoratorPattern\DecoratorPattern.csproj", "{E7D6C868-FAD9-478C-90E9-F3A19D422C37}"
EndProject
Global
	GlobalSection(SolutionConfigurationPlatforms) = preSolution
		Debug|Any CPU = Debug|Any CPU
		Release|Any CPU = Release|Any CPU
	EndGlobalSection
	GlobalSection(ProjectConfigurationPlatforms) = postSolution
		{E7D6C868-FAD9-478C-90E9-F3A19D422C37}.Debug|Any CPU.ActiveCfg = Debug|Any CPU
		{E7D6C868-FAD9-478C-90E9-F3A19D422C37}.Debug|Any CPU.Build.0 = Debug|Any CPU
		{E7D6C868-FAD9-478C-90E9-F3A19D422C37}.Release|Any CPU.ActiveCfg = Release|Any CPU
		{E7D6C868-FAD9-478C-90E9-F3A19D422C37}.Release|Any CPU.Build.0 = Release|Any CPU
	EndGlobalSection
	GlobalSection(SolutionProperties) = preSolution
		HideSolutionNode = FALSE
	EndGlobalSection
	GlobalSection(ExtensibilityGlobals) = postSolution
		SolutionGuid = {F4B54DFC-3023-48D2-A7E8-A973C75C8798}
	EndGlobalSection
EndGlobal
